
Microsoft Visual Studio Solution File, Format Version 12.00
# Visual Studio Version 17
VisualStudioVersion = 17.0.32126.317
MinimumVisualStudioVersion = 10.0.40219.1
Project("{9A19103F-16F7-4668-BE54-9A1E7A4F7556}") = "AzureBlobStorage", "AzureBlobStorage\AzureBlobStorage.csproj", "{DE0238E5-0B7C-4677-A603-05166D521719}"
EndProject
Project("{2150E333-8FDC-42A3-9474-1A3956D46DE8}") = "AzureFunctionExample", "AzureFunctionExample", "{56130577-0086-41DC-ADB2-E2FBBE5F4EE0}"
EndProject
Project("{2150E333-8FDC-42A3-9474-1A3956D46DE8}") = "AzureBlobExample", "AzureBlobExample", "{87117846-77DA-41B7-8F61-98970253373F}"
EndProject
Project("{9A19103F-16F7-4668-BE54-9A1E7A4F7556}") = "AzureFunctionTangyWeb", "AzureFunctionTangyWeb\AzureFunctionTangyWeb.csproj", "{A51C54CE-C857-4E37-9082-FDD6F5874609}"
EndProject
Project("{9A19103F-16F7-4668-BE54-9A1E7A4F7556}") = "AzureTangyFunc", "AzureTangyFunc\AzureTangyFunc.csproj", "{2747BFA1-1629-4414-B187-45DB96F0B4B7}"
EndProject
Global
	GlobalSection(SolutionConfigurationPlatforms) = preSolution
		Debug|Any CPU = Debug|Any CPU
		Release|Any CPU = Release|Any CPU
	EndGlobalSection
	GlobalSection(ProjectConfigurationPlatforms) = postSolution
		{DE0238E5-0B7C-4677-A603-05166D521719}.Debug|Any CPU.ActiveCfg = Debug|Any CPU
		{DE0238E5-0B7C-4677-A603-05166D521719}.Debug|Any CPU.Build.0 = Debug|Any CPU
		{DE0238E5-0B7C-4677-A603-05166D521719}.Release|Any CPU.ActiveCfg = Release|Any CPU
		{DE0238E5-0B7C-4677-A603-05166D521719}.Release|Any CPU.Build.0 = Release|Any CPU
		{A51C54CE-C857-4E37-9082-FDD6F5874609}.Debug|Any CPU.ActiveCfg = Debug|Any CPU
		{A51C54CE-C857-4E37-9082-FDD6F5874609}.Debug|Any CPU.Build.0 = Debug|Any CPU
		{A51C54CE-C857-4E37-9082-FDD6F5874609}.Release|Any CPU.ActiveCfg = Release|Any CPU
		{A51C54CE-C857-4E37-9082-FDD6F5874609}.Release|Any CPU.Build.0 = Release|Any CPU
		{2747BFA1-1629-4414-B187-45DB96F0B4B7}.Debug|Any CPU.ActiveCfg = Debug|Any CPU
		{2747BFA1-1629-4414-B187-45DB96F0B4B7}.Debug|Any CPU.Build.0 = Debug|Any CPU
		{2747BFA1-1629-4414-B187-45DB96F0B4B7}.Release|Any CPU.ActiveCfg = Release|Any CPU
		{2747BFA1-1629-4414-B187-45DB96F0B4B7}.Release|Any CPU.Build.0 = Release|Any CPU
	EndGlobalSection
	GlobalSection(SolutionProperties) = preSolution
		HideSolutionNode = FALSE
	EndGlobalSection
	GlobalSection(NestedProjects) = preSolution
		{DE0238E5-0B7C-4677-A603-05166D521719} = {87117846-77DA-41B7-8F61-98970253373F}
		{A51C54CE-C857-4E37-9082-FDD6F5874609} = {56130577-0086-41DC-ADB2-E2FBBE5F4EE0}
		{2747BFA1-1629-4414-B187-45DB96F0B4B7} = {56130577-0086-41DC-ADB2-E2FBBE5F4EE0}
	EndGlobalSection
	GlobalSection(ExtensibilityGlobals) = postSolution
		SolutionGuid = {3CB7047F-D6C9-40D4-86C1-04CF47A090DF}
	EndGlobalSection
EndGlobal
